
Microsoft Visual Studio Solution File, Format Version 12.00
# Visual Studio Version 17
VisualStudioVersion = 17.1.32228.430
MinimumVisualStudioVersion = 10.0.40219.1
Project("{9A19103F-16F7-4668-BE54-9A1E7A4F7556}") = "LibM", "LibM\LibM.csproj", "{8A3E260E-2E92-4514-A572-BF0B97AD3B56}"
EndProject
Project("{2150E333-8FDC-42A3-9474-1A3956D46DE8}") = "Data", "Data", "{C829BC2B-7638-47C0-96A1-E08B07263B1B}"
EndProject
Project("{9A19103F-16F7-4668-BE54-9A1E7A4F7556}") = "LibM.Data.Access", "LibM.Data.Access\LibM.Data.Access.csproj", "{AB1DF2A7-4970-4D30-AFF0-A2C56220DB57}"
EndProject
Project("{9A19103F-16F7-4668-BE54-9A1E7A4F7556}") = "LibM.Data.Entities", "LibM.Data.Entities\LibM.Data.Entities.csproj", "{3F09676C-3B96-4774-928F-499DCD818771}"
EndProject
Project("{2150E333-8FDC-42A3-9474-1A3956D46DE8}") = "Services", "Services", "{2F2FEC79-D748-4009-94DB-B786EBB63A7D}"
EndProject
Project("{9A19103F-16F7-4668-BE54-9A1E7A4F7556}") = "LibM.Services", "LibM.Services\LibM.Services.csproj", "{576196A9-C40C-4573-B1CE-7B02FCF10E93}"
EndProject
Project("{2150E333-8FDC-42A3-9474-1A3956D46DE8}") = "Commons", "Commons", "{067DAF33-7510-46CD-AE8D-0522C30296AE}"
EndProject
Project("{9A19103F-16F7-4668-BE54-9A1E7A4F7556}") = "LibM.Contracts", "LibM.Contracts\LibM.Contracts.csproj", "{804DC374-2904-4DA9-AF62-50369AF4D561}"
EndProject
Project("{2150E333-8FDC-42A3-9474-1A3956D46DE8}") = "Help", "Help", "{A6060046-3EBE-489C-ACAC-9C9334959401}"
	ProjectSection(SolutionItems) = preProject
		Migration.txt = Migration.txt
		Seed.sql = Seed.sql
	EndProjectSection
EndProject
Project("{9A19103F-16F7-4668-BE54-9A1E7A4F7556}") = "LibM.Data.Seeder", "LibM.Data.Seeder\LibM.Data.Seeder.csproj", "{699DC282-FE85-4863-8961-7EA3D23BBECD}"
EndProject
Project("{9A19103F-16F7-4668-BE54-9A1E7A4F7556}") = "LibM.Common", "LibM.Common\LibM.Common.csproj", "{FAD6A2C5-BB7A-4406-812E-3EA5CACFBE31}"
EndProject
Project("{2150E333-8FDC-42A3-9474-1A3956D46DE8}") = "GENEL TEKRAR", "GENEL TEKRAR", "{137F1754-550F-43D2-A0FE-57A0B494A316}"
EndProject
Project("{FAE04EC0-301F-11D3-BF4B-00C04F79EFBC}") = "BilgeAdam.Tekrar", "BilgeAdam.Tekrar\BilgeAdam.Tekrar.csproj", "{8961DE7F-7D0C-4FB8-837D-E1EC9D88E9BE}"
EndProject
Project("{FAE04EC0-301F-11D3-BF4B-00C04F79EFBC}") = "BilgeAdam.Tekrar.Data", "BilgeAdam.Tekrar.Data\BilgeAdam.Tekrar.Data.csproj", "{0F2686F5-8633-4880-B1B6-524C84041374}"
EndProject
Global
	GlobalSection(SolutionConfigurationPlatforms) = preSolution
		Debug|Any CPU = Debug|Any CPU
		Release|Any CPU = Release|Any CPU
	EndGlobalSection
	GlobalSection(ProjectConfigurationPlatforms) = postSolution
		{8A3E260E-2E92-4514-A572-BF0B97AD3B56}.Debug|Any CPU.ActiveCfg = Debug|Any CPU
		{8A3E260E-2E92-4514-A572-BF0B97AD3B56}.Debug|Any CPU.Build.0 = Debug|Any CPU
		{8A3E260E-2E92-4514-A572-BF0B97AD3B56}.Release|Any CPU.ActiveCfg = Release|Any CPU
		{8A3E260E-2E92-4514-A572-BF0B97AD3B56}.Release|Any CPU.Build.0 = Release|Any CPU
		{AB1DF2A7-4970-4D30-AFF0-A2C56220DB57}.Debug|Any CPU.ActiveCfg = Debug|Any CPU
		{AB1DF2A7-4970-4D30-AFF0-A2C56220DB57}.Debug|Any CPU.Build.0 = Debug|Any CPU
		{AB1DF2A7-4970-4D30-AFF0-A2C56220DB57}.Release|Any CPU.ActiveCfg = Release|Any CPU
		{AB1DF2A7-4970-4D30-AFF0-A2C56220DB57}.Release|Any CPU.Build.0 = Release|Any CPU
		{3F09676C-3B96-4774-928F-499DCD818771}.Debug|Any CPU.ActiveCfg = Debug|Any CPU
		{3F09676C-3B96-4774-928F-499DCD818771}.Debug|Any CPU.Build.0 = Debug|Any CPU
		{3F09676C-3B96-4774-928F-499DCD818771}.Release|Any CPU.ActiveCfg = Release|Any CPU
		{3F09676C-3B96-4774-928F-499DCD818771}.Release|Any CPU.Build.0 = Release|Any CPU
		{576196A9-C40C-4573-B1CE-7B02FCF10E93}.Debug|Any CPU.ActiveCfg = Debug|Any CPU
		{576196A9-C40C-4573-B1CE-7B02FCF10E93}.Debug|Any CPU.Build.0 = Debug|Any CPU
		{576196A9-C40C-4573-B1CE-7B02FCF10E93}.Release|Any CPU.ActiveCfg = Release|Any CPU
		{576196A9-C40C-4573-B1CE-7B02FCF10E93}.Release|Any CPU.Build.0 = Release|Any CPU
		{804DC374-2904-4DA9-AF62-50369AF4D561}.Debug|Any CPU.ActiveCfg = Debug|Any CPU
		{804DC374-2904-4DA9-AF62-50369AF4D561}.Debug|Any CPU.Build.0 = Debug|Any CPU
		{804DC374-2904-4DA9-AF62-50369AF4D561}.Release|Any CPU.ActiveCfg = Release|Any CPU
		{804DC374-2904-4DA9-AF62-50369AF4D561}.Release|Any CPU.Build.0 = Release|Any CPU
		{699DC282-FE85-4863-8961-7EA3D23BBECD}.Debug|Any CPU.ActiveCfg = Debug|Any CPU
		{699DC282-FE85-4863-8961-7EA3D23BBECD}.Debug|Any CPU.Build.0 = Debug|Any CPU
		{699DC282-FE85-4863-8961-7EA3D23BBECD}.Release|Any CPU.ActiveCfg = Release|Any CPU
		{699DC282-FE85-4863-8961-7EA3D23BBECD}.Release|Any CPU.Build.0 = Release|Any CPU
		{FAD6A2C5-BB7A-4406-812E-3EA5CACFBE31}.Debug|Any CPU.ActiveCfg = Debug|Any CPU
		{FAD6A2C5-BB7A-4406-812E-3EA5CACFBE31}.Debug|Any CPU.Build.0 = Debug|Any CPU
		{FAD6A2C5-BB7A-4406-812E-3EA5CACFBE31}.Release|Any CPU.ActiveCfg = Release|Any CPU
		{FAD6A2C5-BB7A-4406-812E-3EA5CACFBE31}.Release|Any CPU.Build.0 = Release|Any CPU
		{8961DE7F-7D0C-4FB8-837D-E1EC9D88E9BE}.Debug|Any CPU.ActiveCfg = Debug|Any CPU
		{8961DE7F-7D0C-4FB8-837D-E1EC9D88E9BE}.Debug|Any CPU.Build.0 = Debug|Any CPU
		{8961DE7F-7D0C-4FB8-837D-E1EC9D88E9BE}.Release|Any CPU.ActiveCfg = Release|Any CPU
		{8961DE7F-7D0C-4FB8-837D-E1EC9D88E9BE}.Release|Any CPU.Build.0 = Release|Any CPU
		{0F2686F5-8633-4880-B1B6-524C84041374}.Debug|Any CPU.ActiveCfg = Debug|Any CPU
		{0F2686F5-8633-4880-B1B6-524C84041374}.Debug|Any CPU.Build.0 = Debug|Any CPU
		{0F2686F5-8633-4880-B1B6-524C84041374}.Release|Any CPU.ActiveCfg = Release|Any CPU
		{0F2686F5-8633-4880-B1B6-524C84041374}.Release|Any CPU.Build.0 = Release|Any CPU
	EndGlobalSection
	GlobalSection(SolutionProperties) = preSolution
		HideSolutionNode = FALSE
	EndGlobalSection
	GlobalSection(NestedProjects) = preSolution
		{AB1DF2A7-4970-4D30-AFF0-A2C56220DB57} = {C829BC2B-7638-47C0-96A1-E08B07263B1B}
		{3F09676C-3B96-4774-928F-499DCD818771} = {C829BC2B-7638-47C0-96A1-E08B07263B1B}
		{576196A9-C40C-4573-B1CE-7B02FCF10E93} = {2F2FEC79-D748-4009-94DB-B786EBB63A7D}
		{804DC374-2904-4DA9-AF62-50369AF4D561} = {067DAF33-7510-46CD-AE8D-0522C30296AE}
		{699DC282-FE85-4863-8961-7EA3D23BBECD} = {C829BC2B-7638-47C0-96A1-E08B07263B1B}
		{FAD6A2C5-BB7A-4406-812E-3EA5CACFBE31} = {067DAF33-7510-46CD-AE8D-0522C30296AE}
		{8961DE7F-7D0C-4FB8-837D-E1EC9D88E9BE} = {137F1754-550F-43D2-A0FE-57A0B494A316}
		{0F2686F5-8633-4880-B1B6-524C84041374} = {137F1754-550F-43D2-A0FE-57A0B494A316}
	EndGlobalSection
	GlobalSection(ExtensibilityGlobals) = postSolution
		SolutionGuid = {FB026A11-DC90-4B54-AB32-7C0AC8D5EC70}
	EndGlobalSection
EndGlobal
